PODS:
  - AFNetworking (2.6.3):
    - AFNetworking/NSURLConnection (= 2.6.3)
    - AFNetworking/NSURLSession (= 2.6.3)
    - AFNetworking/Reachability (= 2.6.3)
    - AFNetworking/Security (= 2.6.3)
    - AFNetworking/Serialization (= 2.6.3)
    - AFNetworking/UIKit (= 2.6.3)
  - AFNetworking/NSURLConnection (2.6.3):
    - AFNetworking/Reachability
    - AFNetworking/Security
    - AFNetworking/Serialization
  - AFNetworking/NSURLSession (2.6.3):
    - AFNetworking/Reachability
    - AFNetworking/Security
    - AFNetworking/Serialization
  - AFNetworking/Reachability (2.6.3)
  - AFNetworking/Security (2.6.3)
  - AFNetworking/Serialization (2.6.3)
  - AFNetworking/UIKit (2.6.3):
    - AFNetworking/NSURLConnection
    - AFNetworking/NSURLSession
  - Crashlytics (3.4.1):
    - Fabric (~> 1.6.0)
  - DKNightVersion (0.9.1):
    - DKNightVersion/Core (= 0.9.1)
    - DKNightVersion/Generator (= 0.9.1)
    - DKNightVersion/Helper (= 0.9.1)
    - DKNightVersion/UIKit (= 0.9.1)
  - DKNightVersion/Core (0.9.1)
  - DKNightVersion/Generator (0.9.1)
  - DKNightVersion/Helper (0.9.1)
  - DKNightVersion/UIKit (0.9.1):
    - DKNightVersion/Core
  - DTCoreText (1.6.16):
    - DTFoundation/Core (~> 1.7.5)
    - DTFoundation/DTAnimatedGIF (~> 1.7.5)
    - DTFoundation/DTHTMLParser (~> 1.7.5)
    - DTFoundation/UIKit (~> 1.7.5)
  - DTFoundation/Core (1.7.8)
  - DTFoundation/DTAnimatedGIF (1.7.8)
  - DTFoundation/DTHTMLParser (1.7.8):
    - DTFoundation/Core
  - DTFoundation/UIKit (1.7.8):
    - DTFoundation/Core
  - Fabric (1.6.1)
  - Firebase (2.4.3)
  - hpple (0.3.0)
  - InAppSettingsKit (2.6)
  - IPSqueezableViewController (0.0.2)
  - JBNSLayoutConstraint (1.0.0)
  - Mantle (2.0.5):
    - Mantle/extobjc (= 2.0.5)
  - Mantle/extobjc (2.0.5)
  - MCSwipeTableViewCell (2.1.4)
  - RegexKitLite (4.0)
  - TimeAgoInWords (2.0.0)
  - TTTAttributedLabel (1.13.4)

DEPENDENCIES:
  - AFNetworking (~> 2.6.3)
  - Crashlytics
  - DKNightVersion (~> 0.9.1)
  - DTCoreText (~> 1.6.16)
  - Fabric
  - Firebase (~> 2.4.0)
  - hpple (from `https://github.com/topfunky/hpple.git`)
  - InAppSettingsKit
  - IPSqueezableViewController
  - JBNSLayoutConstraint (~> 1.0.0)
  - Mantle
  - MCSwipeTableViewCell (~> 2.1.4)
  - RegexKitLite (~> 4.0)
  - TimeAgoInWords (~> 2.0.0)
  - TTTAttributedLabel

EXTERNAL SOURCES:
  hpple:
    :git: https://github.com/topfunky/hpple.git

CHECKOUT OPTIONS:
  hpple:
    :commit: dd7f4cd029f3ffea3dfac4c7e7239761df1c7d25
    :git: https://github.com/topfunky/hpple.git

SPEC CHECKSUMS:
  AFNetworking: cb8d14a848e831097108418f5d49217339d4eb60
  Crashlytics: 41574a245bc6ae10c55d57f385ebd2004e5bee05
  DKNightVersion: 0df880cce15896ea28d1faefaa07e58541593d10
  DTCoreText: 934a16fe9ffdd169c96261721b39dc312b75713d
  DTFoundation: 46e2b2fafe78d67febfd8d1f85fe9845a093f00e
  Fabric: bf0ceb04e7c924090efc5f8c55e4fbcca189e0a0
  Firebase: 48179995b561e2262c5d4060ecdffca45fbbff8b
  hpple: 7a5d0f10f5bd0d9382382110fc1be54bb7b86e4e
  InAppSettingsKit: cc56d3ec45f11352a16d5b210da8a3fa1b9d05ed
  IPSqueezableViewController: bfb302618fb621f97ad87e0f4a36b030f759866a
  JBNSLayoutConstraint: bbde3519c4baa0f0f13a1d17b1b4ba08e25bf006
  Mantle: 1912395033f601de5adc8ee91e48f46e4c7051ad
  MCSwipeTableViewCell: 1b303e16c3a26b1982f3a68386e9b8c5fc8344c3
  RegexKitLite: c0e4c12e6e7de0769f3a3ed679f0f61604170661
  TimeAgoInWords: be1144596814c8de5d2fe51a60977ec98115e4fb
  TTTAttributedLabel: 0a2ac7b2dd726d32a070dafb01446026b11e624f

COCOAPODS: 0.39.0
