// !$*UTF8*$!
{
	archiveVersion = 1;
	classes = {
	};
	objectVersion = 46;
	objects = {

/* Begin PBXBuildFile section */
		311107E5FF8D104CED301173 /* Pods.framework in Frameworks */ = {isa = PBXBuildFile; fileRef = 5294386F028D553C3FAE5107 /* Pods.framework */; };
		5AF00876D758B0B140200725 /* Pods.framework in Frameworks */ = {isa = PBXBuildFile; fileRef = 5294386F028D553C3FAE5107 /* Pods.framework */; };
		98052DAA1BB68BB7004A0D3A /* main.m in Sources */ = {isa = PBXBuildFile; fileRef = 98052DA91BB68BB7004A0D3A /* main.m */; };
		98052DAD1BB68BB7004A0D3A /* AppDelegate.m in Sources */ = {isa = PBXBuildFile; fileRef = 98052DAC1BB68BB7004A0D3A /* AppDelegate.m */; };
		98052DB31BB68BB7004A0D3A /* StoryDetailViewController.m in Sources */ = {isa = PBXBuildFile; fileRef = 98052DB21BB68BB7004A0D3A /* StoryDetailViewController.m */; };
		98052DB61BB68BB7004A0D3A /* Main.storyboard in Resources */ = {isa = PBXBuildFile; fileRef = 98052DB41BB68BB7004A0D3A /* Main.storyboard */; };
		98052DB81BB68BB7004A0D3A /* Assets.xcassets in Resources */ = {isa = PBXBuildFile; fileRef = 98052DB71BB68BB7004A0D3A /* Assets.xcassets */; };
		98052DBB1BB68BB7004A0D3A /* LaunchScreen.storyboard in Resources */ = {isa = PBXBuildFile; fileRef = 98052DB91BB68BB7004A0D3A /* LaunchScreen.storyboard */; };
		98052DD11BB68BB8004A0D3A /* SimpleHN_objcUITests.m in Sources */ = {isa = PBXBuildFile; fileRef = 98052DD01BB68BB8004A0D3A /* SimpleHN_objcUITests.m */; };
		980C6DBA1BE7252400D4318C /* CommentCell.m in Sources */ = {isa = PBXBuildFile; fileRef = 980C6DB91BE7252400D4318C /* CommentCell.m */; };
		983401381C031EE800A85638 /* CommentStyle.m in Sources */ = {isa = PBXBuildFile; fileRef = 983401371C031EE800A85638 /* CommentStyle.m */; };
		9834013A1C04105400A85638 /* BaseTest.m in Sources */ = {isa = PBXBuildFile; fileRef = 983401391C04105400A85638 /* BaseTest.m */; };
		9834013D1C0410AE00A85638 /* CommentTest.m in Sources */ = {isa = PBXBuildFile; fileRef = 9834013C1C0410AE00A85638 /* CommentTest.m */; };
		983401401C04110800A85638 /* CommentTest-input-1.html in Resources */ = {isa = PBXBuildFile; fileRef = 9834013F1C04110800A85638 /* CommentTest-input-1.html */; };
		983401411C0412DA00A85638 /* Comment.m in Sources */ = {isa = PBXBuildFile; fileRef = 984844D91BB6A83C00C1EB7A /* Comment.m */; };
		983A19D71C07F93A00072B40 /* CommentTextView.m in Sources */ = {isa = PBXBuildFile; fileRef = 983A19D61C07F93A00072B40 /* CommentTextView.m */; };
		984418B51BB696FA00F66A02 /* Story.m in Sources */ = {isa = PBXBuildFile; fileRef = 984418B41BB696FA00F66A02 /* Story.m */; };
		984418B81BB69BCC00F66A02 /* StoryCell.m in Sources */ = {isa = PBXBuildFile; fileRef = 984418B71BB69BCC00F66A02 /* StoryCell.m */; };
		9844CAF91C041CD000413F8D /* LabelHelper.m in Sources */ = {isa = PBXBuildFile; fileRef = 98F5EBE11BF09EF100B1BA08 /* LabelHelper.m */; };
		9844CAFA1C041D0000413F8D /* CommentStyle.m in Sources */ = {isa = PBXBuildFile; fileRef = 983401371C031EE800A85638 /* CommentStyle.m */; };
		9844CAFB1C041DBD00413F8D /* CommentLink.m in Sources */ = {isa = PBXBuildFile; fileRef = 98E0C80E1BE73DE4003E3A0A /* CommentLink.m */; };
		9844CAFC1C041DCC00413F8D /* User.m in Sources */ = {isa = PBXBuildFile; fileRef = 98F5EBDA1BF086A400B1BA08 /* User.m */; };
		9844CAFE1C042FBD00413F8D /* CommentTest-input-2.html in Resources */ = {isa = PBXBuildFile; fileRef = 9844CAFD1C042FBD00413F8D /* CommentTest-input-2.html */; };
		984844DA1BB6A83C00C1EB7A /* Comment.m in Sources */ = {isa = PBXBuildFile; fileRef = 984844D91BB6A83C00C1EB7A /* Comment.m */; };
		9849D0AC1C059FA000A23212 /* AskShowHeaderView.m in Sources */ = {isa = PBXBuildFile; fileRef = 9849D0AB1C059FA000A23212 /* AskShowHeaderView.m */; };
		9849D0AF1C0699E000A23212 /* StoriesTimePeriodSelectViewController.m in Sources */ = {isa = PBXBuildFile; fileRef = 9849D0AE1C0699E000A23212 /* StoriesTimePeriodSelectViewController.m */; };
		984DCC461BFAE9E200BA5B86 /* ContentLoadingView.m in Sources */ = {isa = PBXBuildFile; fileRef = 984DCC451BFAE9E200BA5B86 /* ContentLoadingView.m */; };
		984DCC4D1BFB0B1200BA5B86 /* StoriesCommentsBaseViewController.m in Sources */ = {isa = PBXBuildFile; fileRef = 984DCC4C1BFB0B1200BA5B86 /* StoriesCommentsBaseViewController.m */; };
		984DCC6C1BFC6FFD00BA5B86 /* StoriesCommentsSearchResultsViewController.m in Sources */ = {isa = PBXBuildFile; fileRef = 984DCC6B1BFC6FFD00BA5B86 /* StoriesCommentsSearchResultsViewController.m */; };
		9865A64F1BE8B03700FE35F3 /* StoryLoadMoreCell.m in Sources */ = {isa = PBXBuildFile; fileRef = 9865A64E1BE8B03700FE35F3 /* StoryLoadMoreCell.m */; };
		988C10251BF1E53300FA36B9 /* SuProgress.m in Sources */ = {isa = PBXBuildFile; fileRef = 988C10241BF1E53300FA36B9 /* SuProgress.m */; };
		9899FAB41BF1BE490097530C /* SimpleHNSplitViewController.m in Sources */ = {isa = PBXBuildFile; fileRef = 9899FAB31BF1BE490097530C /* SimpleHNSplitViewController.m */; };
		98B0FB801BE4BAE40059E5F2 /* NSString+HTML.m in Sources */ = {isa = PBXBuildFile; fileRef = 98B0FB7E1BE4BAE40059E5F2 /* NSString+HTML.m */; };
		98B0FB841BE4BAEE0059E5F2 /* GTMNSString+HTML.m in Sources */ = {isa = PBXBuildFile; fileRef = 98B0FB811BE4BAEE0059E5F2 /* GTMNSString+HTML.m */; settings = {COMPILER_FLAGS = "-fno-objc-arc"; }; };
		98B0FB871BE4BF7B0059E5F2 /* StoryCommentsButton.m in Sources */ = {isa = PBXBuildFile; fileRef = 98B0FB861BE4BF7B0059E5F2 /* StoryCommentsButton.m */; };
		98CE4BEA1C06BABB009EAE00 /* TopStoriesTitleView.m in Sources */ = {isa = PBXBuildFile; fileRef = 98CE4BE91C06BABB009EAE00 /* TopStoriesTitleView.m */; };
		98E0C80F1BE73DE4003E3A0A /* CommentLink.m in Sources */ = {isa = PBXBuildFile; fileRef = 98E0C80E1BE73DE4003E3A0A /* CommentLink.m */; };
		98E43D8F1C08094B0041CC6F /* NSString+EscapedURLString.m in Sources */ = {isa = PBXBuildFile; fileRef = 98E43D8E1C08094B0041CC6F /* NSString+EscapedURLString.m */; };
		98E725B01BF1804A00607CBC /* StoriesViewController.m in Sources */ = {isa = PBXBuildFile; fileRef = 98E725AF1BF1804A00607CBC /* StoriesViewController.m */; };
		98E725B31BF19A5800607CBC /* TopStoriesViewController.m in Sources */ = {isa = PBXBuildFile; fileRef = 98E725B21BF19A5800607CBC /* TopStoriesViewController.m */; };
		98E725B61BF19A6200607CBC /* NewStoriesViewController.m in Sources */ = {isa = PBXBuildFile; fileRef = 98E725B51BF19A6200607CBC /* NewStoriesViewController.m */; };
		98E725B91BF19A6B00607CBC /* AskHNViewController.m in Sources */ = {isa = PBXBuildFile; fileRef = 98E725B81BF19A6A00607CBC /* AskHNViewController.m */; };
		98E725BC1BF19A7200607CBC /* ShowHNViewController.m in Sources */ = {isa = PBXBuildFile; fileRef = 98E725BB1BF19A7200607CBC /* ShowHNViewController.m */; };
		98F5EBD11BF0757600B1BA08 /* ActionDrawerButton.m in Sources */ = {isa = PBXBuildFile; fileRef = 98F5EBD01BF0757500B1BA08 /* ActionDrawerButton.m */; };
		98F5EBD41BF079D700B1BA08 /* ActionDrawerView.m in Sources */ = {isa = PBXBuildFile; fileRef = 98F5EBD31BF079D700B1BA08 /* ActionDrawerView.m */; };
		98F5EBD81BF085D600B1BA08 /* UserViewController.m in Sources */ = {isa = PBXBuildFile; fileRef = 98F5EBD71BF085D600B1BA08 /* UserViewController.m */; };
		98F5EBDB1BF086A400B1BA08 /* User.m in Sources */ = {isa = PBXBuildFile; fileRef = 98F5EBDA1BF086A400B1BA08 /* User.m */; };
		98F5EBDE1BF0957800B1BA08 /* UserHeaderView.m in Sources */ = {isa = PBXBuildFile; fileRef = 98F5EBDD1BF0957800B1BA08 /* UserHeaderView.m */; };
		98F5EBE21BF09EF100B1BA08 /* LabelHelper.m in Sources */ = {isa = PBXBuildFile; fileRef = 98F5EBE11BF09EF100B1BA08 /* LabelHelper.m */; };
		98F7D6251C0438D100E1D752 /* NSString+HTML.m in Sources */ = {isa = PBXBuildFile; fileRef = 98B0FB7E1BE4BAE40059E5F2 /* NSString+HTML.m */; };
		98F7D6261C04390300E1D752 /* GTMNSString+HTML.m in Sources */ = {isa = PBXBuildFile; fileRef = 98B0FB811BE4BAEE0059E5F2 /* GTMNSString+HTML.m */; settings = {COMPILER_FLAGS = "-fno-objc-arc"; }; };
		98F7D6281C043E0800E1D752 /* CommentTest-input-4.html in Resources */ = {isa = PBXBuildFile; fileRef = 98F7D6271C043E0800E1D752 /* CommentTest-input-4.html */; };
		98F7D62A1C043E1500E1D752 /* CommentTest-input-3.html in Resources */ = {isa = PBXBuildFile; fileRef = 98F7D6291C043E1500E1D752 /* CommentTest-input-3.html */; };
		98F7D62C1C043E2C00E1D752 /* CommentTest-input-5.html in Resources */ = {isa = PBXBuildFile; fileRef = 98F7D62B1C043E2C00E1D752 /* CommentTest-input-5.html */; };
		98F9F8AB1C06C58200C946AC /* HNAlgoliaAPIManager.m in Sources */ = {isa = PBXBuildFile; fileRef = 98F9F8AA1C06C58200C946AC /* HNAlgoliaAPIManager.m */; };
		98F9F8AF1C06D62600C946AC /* reset.css in Resources */ = {isa = PBXBuildFile; fileRef = 98F9F8AE1C06D62600C946AC /* reset.css */; };
/* End PBXBuildFile section */

/* Begin PBXContainerItemProxy section */
		98052DC21BB68BB8004A0D3A /* PBXContainerItemProxy */ = {
			isa = PBXContainerItemProxy;
			containerPortal = 98052D9D1BB68BB7004A0D3A /* Project object */;
			proxyType = 1;
			remoteGlobalIDString = 98052DA41BB68BB7004A0D3A;
			remoteInfo = "SimpleHN-objc";
		};
		98052DCD1BB68BB8004A0D3A /* PBXContainerItemProxy */ = {
			isa = PBXContainerItemProxy;
			containerPortal = 98052D9D1BB68BB7004A0D3A /* Project object */;
			proxyType = 1;
			remoteGlobalIDString = 98052DA41BB68BB7004A0D3A;
			remoteInfo = "SimpleHN-objc";
		};
/* End PBXContainerItemProxy section */

/* Begin PBXFileReference section */
		4AAB6B5253773133B2A656EB /* Pods.release.xcconfig */ = {isa = PBXFileReference; includeInIndex = 1; lastKnownFileType = text.xcconfig; name = Pods.release.xcconfig; path = "Pods/Target Support Files/Pods/Pods.release.xcconfig"; sourceTree = "<group>"; };
		5294386F028D553C3FAE5107 /* Pods.framework */ = {isa = PBXFileReference; explicitFileType = wrapper.framework; includeInIndex = 0; path = Pods.framework; sourceTree = BUILT_PRODUCTS_DIR; };
		98052DA51BB68BB7004A0D3A /* SimpleHN.app */ = {isa = PBXFileReference; explicitFileType = wrapper.application; includeInIndex = 0; path = SimpleHN.app; sourceTree = BUILT_PRODUCTS_DIR; };
		98052DA91BB68BB7004A0D3A /* main.m */ = {isa = PBXFileReference; lastKnownFileType = sourcecode.c.objc; path = main.m; sourceTree = "<group>"; };
		98052DAB1BB68BB7004A0D3A /* AppDelegate.h */ = {isa = PBXFileReference; lastKnownFileType = sourcecode.c.h; path = AppDelegate.h; sourceTree = "<group>"; };
		98052DAC1BB68BB7004A0D3A /* AppDelegate.m */ = {isa = PBXFileReference; lastKnownFileType = sourcecode.c.objc; path = AppDelegate.m; sourceTree = "<group>"; };
		98052DB11BB68BB7004A0D3A /* StoryDetailViewController.h */ = {isa = PBXFileReference; lastKnownFileType = sourcecode.c.h; path = StoryDetailViewController.h; sourceTree = "<group>"; };
		98052DB21BB68BB7004A0D3A /* StoryDetailViewController.m */ = {isa = PBXFileReference; lastKnownFileType = sourcecode.c.objc; path = StoryDetailViewController.m; sourceTree = "<group>"; };
		98052DB51BB68BB7004A0D3A /* Base */ = {isa = PBXFileReference; lastKnownFileType = file.storyboard; name = Base; path = Base.lproj/Main.storyboard; sourceTree = "<group>"; };
		98052DB71BB68BB7004A0D3A /* Assets.xcassets */ = {isa = PBXFileReference; lastKnownFileType = folder.assetcatalog; path = Assets.xcassets; sourceTree = "<group>"; };
		98052DBA1BB68BB7004A0D3A /* Base */ = {isa = PBXFileReference; lastKnownFileType = file.storyboard; name = Base; path = Base.lproj/LaunchScreen.storyboard; sourceTree = "<group>"; };
		98052DBC1BB68BB7004A0D3A /* Info.plist */ = {isa = PBXFileReference; lastKnownFileType = text.plist.xml; path = Info.plist; sourceTree = "<group>"; };
		98052DC11BB68BB8004A0D3A /* SimpleHN-objcTests.xctest */ = {isa = PBXFileReference; explicitFileType = wrapper.cfbundle; includeInIndex = 0; path = "SimpleHN-objcTests.xctest"; sourceTree = BUILT_PRODUCTS_DIR; };
		98052DC71BB68BB8004A0D3A /* Info.plist */ = {isa = PBXFileReference; lastKnownFileType = text.plist.xml; path = Info.plist; sourceTree = "<group>"; };
		98052DCC1BB68BB8004A0D3A /* SimpleHN-objcUITests.xctest */ = {isa = PBXFileReference; explicitFileType = wrapper.cfbundle; includeInIndex = 0; path = "SimpleHN-objcUITests.xctest"; sourceTree = BUILT_PRODUCTS_DIR; };
		98052DD01BB68BB8004A0D3A /* SimpleHN_objcUITests.m */ = {isa = PBXFileReference; lastKnownFileType = sourcecode.c.objc; path = SimpleHN_objcUITests.m; sourceTree = "<group>"; };
		98052DD21BB68BB8004A0D3A /* Info.plist */ = {isa = PBXFileReference; lastKnownFileType = text.plist.xml; path = Info.plist; sourceTree = "<group>"; };
		980C6DB81BE7252400D4318C /* CommentCell.h */ = {isa = PBXFileReference; fileEncoding = 4; lastKnownFileType = sourcecode.c.h; path = CommentCell.h; sourceTree = "<group>"; };
		980C6DB91BE7252400D4318C /* CommentCell.m */ = {isa = PBXFileReference; fileEncoding = 4; lastKnownFileType = sourcecode.c.objc; path = CommentCell.m; sourceTree = "<group>"; };
		983401361C031EE800A85638 /* CommentStyle.h */ = {isa = PBXFileReference; fileEncoding = 4; lastKnownFileType = sourcecode.c.h; path = CommentStyle.h; sourceTree = "<group>"; };
		983401371C031EE800A85638 /* CommentStyle.m */ = {isa = PBXFileReference; fileEncoding = 4; lastKnownFileType = sourcecode.c.objc; path = CommentStyle.m; sourceTree = "<group>"; };
		983401391C04105400A85638 /* BaseTest.m */ = {isa = PBXFileReference; fileEncoding = 4; lastKnownFileType = sourcecode.c.objc; path = BaseTest.m; sourceTree = "<group>"; };
		9834013B1C04106600A85638 /* BaseTest.h */ = {isa = PBXFileReference; lastKnownFileType = sourcecode.c.h; path = BaseTest.h; sourceTree = "<group>"; };
		9834013C1C0410AE00A85638 /* CommentTest.m */ = {isa = PBXFileReference; fileEncoding = 4; lastKnownFileType = sourcecode.c.objc; path = CommentTest.m; sourceTree = "<group>"; };
		9834013F1C04110800A85638 /* CommentTest-input-1.html */ = {isa = PBXFileReference; fileEncoding = 4; lastKnownFileType = text.html; path = "CommentTest-input-1.html"; sourceTree = "<group>"; };
		983A19D51C07F93A00072B40 /* CommentTextView.h */ = {isa = PBXFileReference; fileEncoding = 4; lastKnownFileType = sourcecode.c.h; path = CommentTextView.h; sourceTree = "<group>"; };
		983A19D61C07F93A00072B40 /* CommentTextView.m */ = {isa = PBXFileReference; fileEncoding = 4; lastKnownFileType = sourcecode.c.objc; path = CommentTextView.m; sourceTree = "<group>"; };
		984418B31BB696FA00F66A02 /* Story.h */ = {isa = PBXFileReference; fileEncoding = 4; lastKnownFileType = sourcecode.c.h; path = Story.h; sourceTree = "<group>"; };
		984418B41BB696FA00F66A02 /* Story.m */ = {isa = PBXFileReference; fileEncoding = 4; lastKnownFileType = sourcecode.c.objc; path = Story.m; sourceTree = "<group>"; };
		984418B61BB69BCC00F66A02 /* StoryCell.h */ = {isa = PBXFileReference; fileEncoding = 4; lastKnownFileType = sourcecode.c.h; path = StoryCell.h; sourceTree = "<group>"; };
		984418B71BB69BCC00F66A02 /* StoryCell.m */ = {isa = PBXFileReference; fileEncoding = 4; lastKnownFileType = sourcecode.c.objc; path = StoryCell.m; sourceTree = "<group>"; };
		9844CAFD1C042FBD00413F8D /* CommentTest-input-2.html */ = {isa = PBXFileReference; fileEncoding = 4; lastKnownFileType = text.html; path = "CommentTest-input-2.html"; sourceTree = "<group>"; };
		984844D81BB6A83C00C1EB7A /* Comment.h */ = {isa = PBXFileReference; fileEncoding = 4; lastKnownFileType = sourcecode.c.h; path = Comment.h; sourceTree = "<group>"; };
		984844D91BB6A83C00C1EB7A /* Comment.m */ = {isa = PBXFileReference; fileEncoding = 4; lastKnownFileType = sourcecode.c.objc; path = Comment.m; sourceTree = "<group>"; };
		9849D0AA1C059FA000A23212 /* AskShowHeaderView.h */ = {isa = PBXFileReference; fileEncoding = 4; lastKnownFileType = sourcecode.c.h; path = AskShowHeaderView.h; sourceTree = "<group>"; };
		9849D0AB1C059FA000A23212 /* AskShowHeaderView.m */ = {isa = PBXFileReference; fileEncoding = 4; lastKnownFileType = sourcecode.c.objc; path = AskShowHeaderView.m; sourceTree = "<group>"; };
		9849D0AD1C0699E000A23212 /* StoriesTimePeriodSelectViewController.h */ = {isa = PBXFileReference; fileEncoding = 4; lastKnownFileType = sourcecode.c.h; path = StoriesTimePeriodSelectViewController.h; sourceTree = "<group>"; };
		9849D0AE1C0699E000A23212 /* StoriesTimePeriodSelectViewController.m */ = {isa = PBXFileReference; fileEncoding = 4; lastKnownFileType = sourcecode.c.objc; path = StoriesTimePeriodSelectViewController.m; sourceTree = "<group>"; };
		984DCC441BFAE9E200BA5B86 /* ContentLoadingView.h */ = {isa = PBXFileReference; fileEncoding = 4; lastKnownFileType = sourcecode.c.h; path = ContentLoadingView.h; sourceTree = "<group>"; };
		984DCC451BFAE9E200BA5B86 /* ContentLoadingView.m */ = {isa = PBXFileReference; fileEncoding = 4; lastKnownFileType = sourcecode.c.objc; path = ContentLoadingView.m; sourceTree = "<group>"; };
		984DCC471BFAEFEB00BA5B86 /* Reveal.framework */ = {isa = PBXFileReference; lastKnownFileType = wrapper.framework; name = Reveal.framework; path = "../../../../Applications/Reveal.app/Contents/SharedSupport/iOS-Libraries/Reveal.framework"; sourceTree = "<group>"; };
		984DCC491BFAF07E00BA5B86 /* libz.tbd */ = {isa = PBXFileReference; lastKnownFileType = "sourcecode.text-based-dylib-definition"; name = libz.tbd; path = usr/lib/libz.tbd; sourceTree = SDKROOT; };
		984DCC4B1BFB0B1200BA5B86 /* StoriesCommentsBaseViewController.h */ = {isa = PBXFileReference; fileEncoding = 4; lastKnownFileType = sourcecode.c.h; path = StoriesCommentsBaseViewController.h; sourceTree = "<group>"; };
		984DCC4C1BFB0B1200BA5B86 /* StoriesCommentsBaseViewController.m */ = {isa = PBXFileReference; fileEncoding = 4; lastKnownFileType = sourcecode.c.objc; path = StoriesCommentsBaseViewController.m; sourceTree = "<group>"; };
		984DCC6A1BFC6FFD00BA5B86 /* StoriesCommentsSearchResultsViewController.h */ = {isa = PBXFileReference; fileEncoding = 4; lastKnownFileType = sourcecode.c.h; path = StoriesCommentsSearchResultsViewController.h; sourceTree = "<group>"; };
		984DCC6B1BFC6FFD00BA5B86 /* StoriesCommentsSearchResultsViewController.m */ = {isa = PBXFileReference; fileEncoding = 4; lastKnownFileType = sourcecode.c.objc; path = StoriesCommentsSearchResultsViewController.m; sourceTree = "<group>"; };
		9865A64D1BE8B03700FE35F3 /* StoryLoadMoreCell.h */ = {isa = PBXFileReference; fileEncoding = 4; lastKnownFileType = sourcecode.c.h; path = StoryLoadMoreCell.h; sourceTree = "<group>"; };
		9865A64E1BE8B03700FE35F3 /* StoryLoadMoreCell.m */ = {isa = PBXFileReference; fileEncoding = 4; lastKnownFileType = sourcecode.c.objc; path = StoryLoadMoreCell.m; sourceTree = "<group>"; };
		988C10231BF1E53300FA36B9 /* SuProgress.h */ = {isa = PBXFileReference; fileEncoding = 4; lastKnownFileType = sourcecode.c.h; path = SuProgress.h; sourceTree = "<group>"; };
		988C10241BF1E53300FA36B9 /* SuProgress.m */ = {isa = PBXFileReference; fileEncoding = 4; lastKnownFileType = sourcecode.c.objc; path = SuProgress.m; sourceTree = "<group>"; };
		9899FAB21BF1BE490097530C /* SimpleHNSplitViewController.h */ = {isa = PBXFileReference; fileEncoding = 4; lastKnownFileType = sourcecode.c.h; path = SimpleHNSplitViewController.h; sourceTree = "<group>"; };
		9899FAB31BF1BE490097530C /* SimpleHNSplitViewController.m */ = {isa = PBXFileReference; fileEncoding = 4; lastKnownFileType = sourcecode.c.objc; path = SimpleHNSplitViewController.m; sourceTree = "<group>"; };
		98B0FB7E1BE4BAE40059E5F2 /* NSString+HTML.m */ = {isa = PBXFileReference; fileEncoding = 4; lastKnownFileType = sourcecode.c.objc; path = "NSString+HTML.m"; sourceTree = "<group>"; };
		98B0FB7F1BE4BAE40059E5F2 /* NSString+HTML.h */ = {isa = PBXFileReference; fileEncoding = 4; lastKnownFileType = sourcecode.c.h; path = "NSString+HTML.h"; sourceTree = "<group>"; };
		98B0FB811BE4BAEE0059E5F2 /* GTMNSString+HTML.m */ = {isa = PBXFileReference; fileEncoding = 4; lastKnownFileType = sourcecode.c.objc; path = "GTMNSString+HTML.m"; sourceTree = "<group>"; };
		98B0FB821BE4BAEE0059E5F2 /* GTMNSString+HTML.h */ = {isa = PBXFileReference; fileEncoding = 4; lastKnownFileType = sourcecode.c.h; path = "GTMNSString+HTML.h"; sourceTree = "<group>"; };
		98B0FB831BE4BAEE0059E5F2 /* GTMDefines.h */ = {isa = PBXFileReference; fileEncoding = 4; lastKnownFileType = sourcecode.c.h; path = GTMDefines.h; sourceTree = "<group>"; };
		98B0FB851BE4BF7B0059E5F2 /* StoryCommentsButton.h */ = {isa = PBXFileReference; fileEncoding = 4; lastKnownFileType = sourcecode.c.h; path = StoryCommentsButton.h; sourceTree = "<group>"; };
		98B0FB861BE4BF7B0059E5F2 /* StoryCommentsButton.m */ = {isa = PBXFileReference; fileEncoding = 4; lastKnownFileType = sourcecode.c.objc; path = StoryCommentsButton.m; sourceTree = "<group>"; };
		98CE4BE81C06BABB009EAE00 /* TopStoriesTitleView.h */ = {isa = PBXFileReference; fileEncoding = 4; lastKnownFileType = sourcecode.c.h; path = TopStoriesTitleView.h; sourceTree = "<group>"; };
		98CE4BE91C06BABB009EAE00 /* TopStoriesTitleView.m */ = {isa = PBXFileReference; fileEncoding = 4; lastKnownFileType = sourcecode.c.objc; path = TopStoriesTitleView.m; sourceTree = "<group>"; };
		98E0C80C1BE734AC003E3A0A /* SimpleHN.h */ = {isa = PBXFileReference; lastKnownFileType = sourcecode.c.h; path = SimpleHN.h; sourceTree = "<group>"; };
		98E0C80D1BE73DE4003E3A0A /* CommentLink.h */ = {isa = PBXFileReference; fileEncoding = 4; lastKnownFileType = sourcecode.c.h; path = CommentLink.h; sourceTree = "<group>"; };
		98E0C80E1BE73DE4003E3A0A /* CommentLink.m */ = {isa = PBXFileReference; fileEncoding = 4; lastKnownFileType = sourcecode.c.objc; path = CommentLink.m; sourceTree = "<group>"; };
		98E43D8D1C08094B0041CC6F /* NSString+EscapedURLString.h */ = {isa = PBXFileReference; fileEncoding = 4; lastKnownFileType = sourcecode.c.h; path = "NSString+EscapedURLString.h"; sourceTree = "<group>"; };
		98E43D8E1C08094B0041CC6F /* NSString+EscapedURLString.m */ = {isa = PBXFileReference; fileEncoding = 4; lastKnownFileType = sourcecode.c.objc; path = "NSString+EscapedURLString.m"; sourceTree = "<group>"; };
		98E725AE1BF1804A00607CBC /* StoriesViewController.h */ = {isa = PBXFileReference; fileEncoding = 4; lastKnownFileType = sourcecode.c.h; path = StoriesViewController.h; sourceTree = "<group>"; };
		98E725AF1BF1804A00607CBC /* StoriesViewController.m */ = {isa = PBXFileReference; fileEncoding = 4; lastKnownFileType = sourcecode.c.objc; path = StoriesViewController.m; sourceTree = "<group>"; };
		98E725B11BF19A5800607CBC /* TopStoriesViewController.h */ = {isa = PBXFileReference; fileEncoding = 4; lastKnownFileType = sourcecode.c.h; path = TopStoriesViewController.h; sourceTree = "<group>"; };
		98E725B21BF19A5800607CBC /* TopStoriesViewController.m */ = {isa = PBXFileReference; fileEncoding = 4; lastKnownFileType = sourcecode.c.objc; path = TopStoriesViewController.m; sourceTree = "<group>"; };
		98E725B41BF19A6200607CBC /* NewStoriesViewController.h */ = {isa = PBXFileReference; fileEncoding = 4; lastKnownFileType = sourcecode.c.h; path = NewStoriesViewController.h; sourceTree = "<group>"; };
		98E725B51BF19A6200607CBC /* NewStoriesViewController.m */ = {isa = PBXFileReference; fileEncoding = 4; lastKnownFileType = sourcecode.c.objc; path = NewStoriesViewController.m; sourceTree = "<group>"; };
		98E725B71BF19A6A00607CBC /* AskHNViewController.h */ = {isa = PBXFileReference; fileEncoding = 4; lastKnownFileType = sourcecode.c.h; path = AskHNViewController.h; sourceTree = "<group>"; };
		98E725B81BF19A6A00607CBC /* AskHNViewController.m */ = {isa = PBXFileReference; fileEncoding = 4; lastKnownFileType = sourcecode.c.objc; path = AskHNViewController.m; sourceTree = "<group>"; };
		98E725BA1BF19A7200607CBC /* ShowHNViewController.h */ = {isa = PBXFileReference; fileEncoding = 4; lastKnownFileType = sourcecode.c.h; path = ShowHNViewController.h; sourceTree = "<group>"; };
		98E725BB1BF19A7200607CBC /* ShowHNViewController.m */ = {isa = PBXFileReference; fileEncoding = 4; lastKnownFileType = sourcecode.c.objc; path = ShowHNViewController.m; sourceTree = "<group>"; };
		98F5EBCF1BF0757500B1BA08 /* ActionDrawerButton.h */ = {isa = PBXFileReference; fileEncoding = 4; lastKnownFileType = sourcecode.c.h; path = ActionDrawerButton.h; sourceTree = "<group>"; };
		98F5EBD01BF0757500B1BA08 /* ActionDrawerButton.m */ = {isa = PBXFileReference; fileEncoding = 4; lastKnownFileType = sourcecode.c.objc; path = ActionDrawerButton.m; sourceTree = "<group>"; };
		98F5EBD21BF079D700B1BA08 /* ActionDrawerView.h */ = {isa = PBXFileReference; fileEncoding = 4; lastKnownFileType = sourcecode.c.h; path = ActionDrawerView.h; sourceTree = "<group>"; };
		98F5EBD31BF079D700B1BA08 /* ActionDrawerView.m */ = {isa = PBXFileReference; fileEncoding = 4; lastKnownFileType = sourcecode.c.objc; path = ActionDrawerView.m; sourceTree = "<group>"; };
		98F5EBD61BF085D600B1BA08 /* UserViewController.h */ = {isa = PBXFileReference; fileEncoding = 4; lastKnownFileType = sourcecode.c.h; path = UserViewController.h; sourceTree = "<group>"; };
		98F5EBD71BF085D600B1BA08 /* UserViewController.m */ = {isa = PBXFileReference; fileEncoding = 4; lastKnownFileType = sourcecode.c.objc; path = UserViewController.m; sourceTree = "<group>"; };
		98F5EBD91BF086A400B1BA08 /* User.h */ = {isa = PBXFileReference; fileEncoding = 4; lastKnownFileType = sourcecode.c.h; path = User.h; sourceTree = "<group>"; };
		98F5EBDA1BF086A400B1BA08 /* User.m */ = {isa = PBXFileReference; fileEncoding = 4; lastKnownFileType = sourcecode.c.objc; path = User.m; sourceTree = "<group>"; };
		98F5EBDC1BF0957800B1BA08 /* UserHeaderView.h */ = {isa = PBXFileReference; fileEncoding = 4; lastKnownFileType = sourcecode.c.h; path = UserHeaderView.h; sourceTree = "<group>"; };
		98F5EBDD1BF0957800B1BA08 /* UserHeaderView.m */ = {isa = PBXFileReference; fileEncoding = 4; lastKnownFileType = sourcecode.c.objc; path = UserHeaderView.m; sourceTree = "<group>"; };
		98F5EBE01BF09EF100B1BA08 /* LabelHelper.h */ = {isa = PBXFileReference; fileEncoding = 4; lastKnownFileType = sourcecode.c.h; path = LabelHelper.h; sourceTree = "<group>"; };
		98F5EBE11BF09EF100B1BA08 /* LabelHelper.m */ = {isa = PBXFileReference; fileEncoding = 4; lastKnownFileType = sourcecode.c.objc; path = LabelHelper.m; sourceTree = "<group>"; };
		98F7D6271C043E0800E1D752 /* CommentTest-input-4.html */ = {isa = PBXFileReference; fileEncoding = 4; lastKnownFileType = text.html; path = "CommentTest-input-4.html"; sourceTree = "<group>"; };
		98F7D6291C043E1500E1D752 /* CommentTest-input-3.html */ = {isa = PBXFileReference; fileEncoding = 4; lastKnownFileType = text.html; path = "CommentTest-input-3.html"; sourceTree = "<group>"; };
		98F7D62B1C043E2C00E1D752 /* CommentTest-input-5.html */ = {isa = PBXFileReference; fileEncoding = 4; lastKnownFileType = text.html; path = "CommentTest-input-5.html"; sourceTree = "<group>"; };
		98F9F8A91C06C58200C946AC /* HNAlgoliaAPIManager.h */ = {isa = PBXFileReference; fileEncoding = 4; lastKnownFileType = sourcecode.c.h; path = HNAlgoliaAPIManager.h; sourceTree = "<group>"; };
		98F9F8AA1C06C58200C946AC /* HNAlgoliaAPIManager.m */ = {isa = PBXFileReference; fileEncoding = 4; lastKnownFileType = sourcecode.c.objc; path = HNAlgoliaAPIManager.m; sourceTree = "<group>"; };
		98F9F8AE1C06D62600C946AC /* reset.css */ = {isa = PBXFileReference; fileEncoding = 4; lastKnownFileType = text.css; path = reset.css; sourceTree = "<group>"; };
		ED7247C849A308AAD42ECFB6 /* Pods.debug.xcconfig */ = {isa = PBXFileReference; includeInIndex = 1; lastKnownFileType = text.xcconfig; name = Pods.debug.xcconfig; path = "Pods/Target Support Files/Pods/Pods.debug.xcconfig"; sourceTree = "<group>"; };
/* End PBXFileReference section */

/* Begin PBXFrameworksBuildPhase section */
		98052DA21BB68BB7004A0D3A /* Frameworks */ = {
			isa = PBXFrameworksBuildPhase;
			buildActionMask = 2147483647;
			files = (
				311107E5FF8D104CED301173 /* Pods.framework in Frameworks */,
			);
			runOnlyForDeploymentPostprocessing = 0;
		};
		98052DBE1BB68BB8004A0D3A /* Frameworks */ = {
			isa = PBXFrameworksBuildPhase;
			buildActionMask = 2147483647;
			files = (
				5AF00876D758B0B140200725 /* Pods.framework in Frameworks */,
			);
			runOnlyForDeploymentPostprocessing = 0;
		};
		98052DC91BB68BB8004A0D3A /* Frameworks */ = {
			isa = PBXFrameworksBuildPhase;
			buildActionMask = 2147483647;
			files = (
			);
			runOnlyForDeploymentPostprocessing = 0;
		};
/* End PBXFrameworksBuildPhase section */

/* Begin PBXGroup section */
		608F052A0ECFAE47F8084751 /* Frameworks */ = {
			isa = PBXGroup;
			children = (
				984DCC491BFAF07E00BA5B86 /* libz.tbd */,
				984DCC471BFAEFEB00BA5B86 /* Reveal.framework */,
				5294386F028D553C3FAE5107 /* Pods.framework */,
			);
			name = Frameworks;
			sourceTree = "<group>";
		};
		98052D9C1BB68BB7004A0D3A = {
			isa = PBXGroup;
			children = (
				98052DA71BB68BB7004A0D3A /* SimpleHN-objc */,
				98052DC41BB68BB8004A0D3A /* SimpleHN-objcTests */,
				98052DCF1BB68BB8004A0D3A /* SimpleHN-objcUITests */,
				A290FB5AAE9E3801C3082D23 /* Pods */,
				608F052A0ECFAE47F8084751 /* Frameworks */,
			);
			sourceTree = "<group>";
		};
		98052DA61BB68BB7004A0D3A /* Products */ = {
			isa = PBXGroup;
			children = (
				98052DA51BB68BB7004A0D3A /* SimpleHN.app */,
				98052DC11BB68BB8004A0D3A /* SimpleHN-objcTests.xctest */,
				98052DCC1BB68BB8004A0D3A /* SimpleHN-objcUITests.xctest */,
			);
			name = Products;
			path = ..;
			sourceTree = "<group>";
		};
		98052DA71BB68BB7004A0D3A /* SimpleHN-objc */ = {
			isa = PBXGroup;
			children = (
				988C10221BF1E4F700FA36B9 /* 3rd Party */,
				98F5EBDF1BF09EE400B1BA08 /* Helpers */,
				98F5EBD51BF085BE00B1BA08 /* Controllers */,
				980C6DB71BE722A400D4318C /* Models */,
				980C6DB61BE7229C00D4318C /* Views */,
				980C6DB51BE7229000D4318C /* Cells */,
				98B0FB7D1BE4B9FA0059E5F2 /* Categories */,
				98052DAB1BB68BB7004A0D3A /* AppDelegate.h */,
				98052DAC1BB68BB7004A0D3A /* AppDelegate.m */,
				98052DB41BB68BB7004A0D3A /* Main.storyboard */,
				98052DB71BB68BB7004A0D3A /* Assets.xcassets */,
				98052DB91BB68BB7004A0D3A /* LaunchScreen.storyboard */,
				98052DBC1BB68BB7004A0D3A /* Info.plist */,
				98052DA61BB68BB7004A0D3A /* Products */,
				98052DA81BB68BB7004A0D3A /* Supporting Files */,
				98E0C80C1BE734AC003E3A0A /* SimpleHN.h */,
			);
			path = "SimpleHN-objc";
			sourceTree = "<group>";
		};
		98052DA81BB68BB7004A0D3A /* Supporting Files */ = {
			isa = PBXGroup;
			children = (
				98052DA91BB68BB7004A0D3A /* main.m */,
				98F9F8AE1C06D62600C946AC /* reset.css */,
			);
			name = "Supporting Files";
			sourceTree = "<group>";
		};
		98052DC41BB68BB8004A0D3A /* SimpleHN-objcTests */ = {
			isa = PBXGroup;
			children = (
				9834013E1C0410E800A85638 /* CommentTest */,
				98052DC71BB68BB8004A0D3A /* Info.plist */,
				983401391C04105400A85638 /* BaseTest.m */,
				9834013B1C04106600A85638 /* BaseTest.h */,
				9834013C1C0410AE00A85638 /* CommentTest.m */,
			);
			path = "SimpleHN-objcTests";
			sourceTree = "<group>";
		};
		98052DCF1BB68BB8004A0D3A /* SimpleHN-objcUITests */ = {
			isa = PBXGroup;
			children = (
				98052DD01BB68BB8004A0D3A /* SimpleHN_objcUITests.m */,
				98052DD21BB68BB8004A0D3A /* Info.plist */,
			);
			path = "SimpleHN-objcUITests";
			sourceTree = "<group>";
		};
		980C6DB51BE7229000D4318C /* Cells */ = {
			isa = PBXGroup;
			children = (
				984418B61BB69BCC00F66A02 /* StoryCell.h */,
				984418B71BB69BCC00F66A02 /* StoryCell.m */,
				980C6DB81BE7252400D4318C /* CommentCell.h */,
				980C6DB91BE7252400D4318C /* CommentCell.m */,
				9865A64D1BE8B03700FE35F3 /* StoryLoadMoreCell.h */,
				9865A64E1BE8B03700FE35F3 /* StoryLoadMoreCell.m */,
			);
			name = Cells;
			sourceTree = "<group>";
		};
		980C6DB61BE7229C00D4318C /* Views */ = {
			isa = PBXGroup;
			children = (
				98B0FB851BE4BF7B0059E5F2 /* StoryCommentsButton.h */,
				98B0FB861BE4BF7B0059E5F2 /* StoryCommentsButton.m */,
				98F5EBCF1BF0757500B1BA08 /* ActionDrawerButton.h */,
				98F5EBD01BF0757500B1BA08 /* ActionDrawerButton.m */,
				98F5EBD21BF079D700B1BA08 /* ActionDrawerView.h */,
				98F5EBD31BF079D700B1BA08 /* ActionDrawerView.m */,
				98F5EBDC1BF0957800B1BA08 /* UserHeaderView.h */,
				98F5EBDD1BF0957800B1BA08 /* UserHeaderView.m */,
				984DCC441BFAE9E200BA5B86 /* ContentLoadingView.h */,
				984DCC451BFAE9E200BA5B86 /* ContentLoadingView.m */,
				9849D0AA1C059FA000A23212 /* AskShowHeaderView.h */,
				9849D0AB1C059FA000A23212 /* AskShowHeaderView.m */,
				98CE4BE81C06BABB009EAE00 /* TopStoriesTitleView.h */,
				98CE4BE91C06BABB009EAE00 /* TopStoriesTitleView.m */,
				983A19D51C07F93A00072B40 /* CommentTextView.h */,
				983A19D61C07F93A00072B40 /* CommentTextView.m */,
			);
			name = Views;
			sourceTree = "<group>";
		};
		980C6DB71BE722A400D4318C /* Models */ = {
			isa = PBXGroup;
			children = (
				984418B31BB696FA00F66A02 /* Story.h */,
				984418B41BB696FA00F66A02 /* Story.m */,
				984844D81BB6A83C00C1EB7A /* Comment.h */,
				984844D91BB6A83C00C1EB7A /* Comment.m */,
				98E0C80D1BE73DE4003E3A0A /* CommentLink.h */,
				98E0C80E1BE73DE4003E3A0A /* CommentLink.m */,
				98F5EBD91BF086A400B1BA08 /* User.h */,
				98F5EBDA1BF086A400B1BA08 /* User.m */,
				983401361C031EE800A85638 /* CommentStyle.h */,
				983401371C031EE800A85638 /* CommentStyle.m */,
			);
			name = Models;
			sourceTree = "<group>";
		};
		9834013E1C0410E800A85638 /* CommentTest */ = {
			isa = PBXGroup;
			children = (
				9834013F1C04110800A85638 /* CommentTest-input-1.html */,
				9844CAFD1C042FBD00413F8D /* CommentTest-input-2.html */,
				98F7D6291C043E1500E1D752 /* CommentTest-input-3.html */,
				98F7D6271C043E0800E1D752 /* CommentTest-input-4.html */,
				98F7D62B1C043E2C00E1D752 /* CommentTest-input-5.html */,
			);
			name = CommentTest;
			sourceTree = "<group>";
		};
		988C10221BF1E4F700FA36B9 /* 3rd Party */ = {
			isa = PBXGroup;
			children = (
				988C10231BF1E53300FA36B9 /* SuProgress.h */,
				988C10241BF1E53300FA36B9 /* SuProgress.m */,
			);
			name = "3rd Party";
			sourceTree = "<group>";
		};
		98B0FB7D1BE4B9FA0059E5F2 /* Categories */ = {
			isa = PBXGroup;
			children = (
				98E43D8D1C08094B0041CC6F /* NSString+EscapedURLString.h */,
				98E43D8E1C08094B0041CC6F /* NSString+EscapedURLString.m */,
				98B0FB811BE4BAEE0059E5F2 /* GTMNSString+HTML.m */,
				98B0FB821BE4BAEE0059E5F2 /* GTMNSString+HTML.h */,
				98B0FB831BE4BAEE0059E5F2 /* GTMDefines.h */,
				98B0FB7E1BE4BAE40059E5F2 /* NSString+HTML.m */,
				98B0FB7F1BE4BAE40059E5F2 /* NSString+HTML.h */,
			);
			name = Categories;
			sourceTree = "<group>";
		};
		98F5EBD51BF085BE00B1BA08 /* Controllers */ = {
			isa = PBXGroup;
			children = (
				98E725AE1BF1804A00607CBC /* StoriesViewController.h */,
				98E725AF1BF1804A00607CBC /* StoriesViewController.m */,
				98052DB11BB68BB7004A0D3A /* StoryDetailViewController.h */,
				98052DB21BB68BB7004A0D3A /* StoryDetailViewController.m */,
				98F5EBD61BF085D600B1BA08 /* UserViewController.h */,
				98F5EBD71BF085D600B1BA08 /* UserViewController.m */,
				98E725B11BF19A5800607CBC /* TopStoriesViewController.h */,
				98E725B21BF19A5800607CBC /* TopStoriesViewController.m */,
				98E725B41BF19A6200607CBC /* NewStoriesViewController.h */,
				98E725B51BF19A6200607CBC /* NewStoriesViewController.m */,
				98E725B71BF19A6A00607CBC /* AskHNViewController.h */,
				98E725B81BF19A6A00607CBC /* AskHNViewController.m */,
				98E725BA1BF19A7200607CBC /* ShowHNViewController.h */,
				98E725BB1BF19A7200607CBC /* ShowHNViewController.m */,
				9899FAB21BF1BE490097530C /* SimpleHNSplitViewController.h */,
				9899FAB31BF1BE490097530C /* SimpleHNSplitViewController.m */,
				984DCC4B1BFB0B1200BA5B86 /* StoriesCommentsBaseViewController.h */,
				984DCC4C1BFB0B1200BA5B86 /* StoriesCommentsBaseViewController.m */,
				984DCC6A1BFC6FFD00BA5B86 /* StoriesCommentsSearchResultsViewController.h */,
				984DCC6B1BFC6FFD00BA5B86 /* StoriesCommentsSearchResultsViewController.m */,
				9849D0AD1C0699E000A23212 /* StoriesTimePeriodSelectViewController.h */,
				9849D0AE1C0699E000A23212 /* StoriesTimePeriodSelectViewController.m */,
			);
			name = Controllers;
			sourceTree = "<group>";
		};
		98F5EBDF1BF09EE400B1BA08 /* Helpers */ = {
			isa = PBXGroup;
			children = (
				98F5EBE01BF09EF100B1BA08 /* LabelHelper.h */,
				98F5EBE11BF09EF100B1BA08 /* LabelHelper.m */,
				98F9F8A91C06C58200C946AC /* HNAlgoliaAPIManager.h */,
				98F9F8AA1C06C58200C946AC /* HNAlgoliaAPIManager.m */,
			);
			name = Helpers;
			sourceTree = "<group>";
		};
		A290FB5AAE9E3801C3082D23 /* Pods */ = {
			isa = PBXGroup;
			children = (
				ED7247C849A308AAD42ECFB6 /* Pods.debug.xcconfig */,
				4AAB6B5253773133B2A656EB /* Pods.release.xcconfig */,
			);
			name = Pods;
			sourceTree = "<group>";
		};
/* End PBXGroup section */

/* Begin PBXNativeTarget section */
		98052DA41BB68BB7004A0D3A /* SimpleHN */ = {
			isa = PBXNativeTarget;
			buildConfigurationList = 98052DD51BB68BB8004A0D3A /* Build configuration list for PBXNativeTarget "SimpleHN" */;
			buildPhases = (
				EDD4792B0F0C5CF4BFCBEA5B /* Check Pods Manifest.lock */,
				98052DA11BB68BB7004A0D3A /* Sources */,
				98052DA21BB68BB7004A0D3A /* Frameworks */,
				98052DA31BB68BB7004A0D3A /* Resources */,
				C2FC3B47CD36C75229D2E2C3 /* Embed Pods Frameworks */,
				1D48F5C3C75BC4872099942B /* Copy Pods Resources */,
			);
			buildRules = (
			);
			dependencies = (
			);
			name = SimpleHN;
			productName = "SimpleHN-objc";
			productReference = 98052DA51BB68BB7004A0D3A /* SimpleHN.app */;
			productType = "com.apple.product-type.application";
		};
		98052DC01BB68BB8004A0D3A /* SimpleHN-objcTests */ = {
			isa = PBXNativeTarget;
			buildConfigurationList = 98052DD81BB68BB8004A0D3A /* Build configuration list for PBXNativeTarget "SimpleHN-objcTests" */;
			buildPhases = (
				B81B95C7F1D5FD98FBB87F41 /* Check Pods Manifest.lock */,
				98052DBD1BB68BB8004A0D3A /* Sources */,
				98052DBE1BB68BB8004A0D3A /* Frameworks */,
				98052DBF1BB68BB8004A0D3A /* Resources */,
				D0311B602F396276361B63CD /* Embed Pods Frameworks */,
				758A05E5CD23C5E0E1D4EA9D /* Copy Pods Resources */,
			);
			buildRules = (
			);
			dependencies = (
				98052DC31BB68BB8004A0D3A /* PBXTargetDependency */,
			);
			name = "SimpleHN-objcTests";
			productName = "SimpleHN-objcTests";
			productReference = 98052DC11BB68BB8004A0D3A /* SimpleHN-objcTests.xctest */;
			productType = "com.apple.product-type.bundle.unit-test";
		};
		98052DCB1BB68BB8004A0D3A /* SimpleHN-objcUITests */ = {
			isa = PBXNativeTarget;
			buildConfigurationList = 98052DDB1BB68BB8004A0D3A /* Build configuration list for PBXNativeTarget "SimpleHN-objcUITests" */;
			buildPhases = (
				98052DC81BB68BB8004A0D3A /* Sources */,
				98052DC91BB68BB8004A0D3A /* Frameworks */,
				98052DCA1BB68BB8004A0D3A /* Resources */,
			);
			buildRules = (
			);
			dependencies = (
				98052DCE1BB68BB8004A0D3A /* PBXTargetDependency */,
			);
			name = "SimpleHN-objcUITests";
			productName = "SimpleHN-objcUITests";
			productReference = 98052DCC1BB68BB8004A0D3A /* SimpleHN-objcUITests.xctest */;
			productType = "com.apple.product-type.bundle.ui-testing";
		};
/* End PBXNativeTarget section */

/* Begin PBXProject section */
		98052D9D1BB68BB7004A0D3A /* Project object */ = {
			isa = PBXProject;
			attributes = {
				LastUpgradeCheck = 0700;
				ORGANIZATIONNAME = JEON;
				TargetAttributes = {
					98052DA41BB68BB7004A0D3A = {
						CreatedOnToolsVersion = 7.0;
						DevelopmentTeam = P68VLQ6LPN;
					};
					98052DC01BB68BB8004A0D3A = {
						CreatedOnToolsVersion = 7.0;
						TestTargetID = 98052DA41BB68BB7004A0D3A;
					};
					98052DCB1BB68BB8004A0D3A = {
						CreatedOnToolsVersion = 7.0;
						TestTargetID = 98052DA41BB68BB7004A0D3A;
					};
				};
			};
			buildConfigurationList = 98052DA01BB68BB7004A0D3A /* Build configuration list for PBXProject "SimpleHN-objc" */;
			compatibilityVersion = "Xcode 3.2";
			developmentRegion = English;
			hasScannedForEncodings = 0;
			knownRegions = (
				en,
				Base,
			);
			mainGroup = 98052D9C1BB68BB7004A0D3A;
			productRefGroup = 98052DA61BB68BB7004A0D3A /* Products */;
			projectDirPath = "";
			projectRoot = "";
			targets = (
				98052DA41BB68BB7004A0D3A /* SimpleHN */,
				98052DC01BB68BB8004A0D3A /* SimpleHN-objcTests */,
				98052DCB1BB68BB8004A0D3A /* SimpleHN-objcUITests */,
			);
		};
/* End PBXProject section */

/* Begin PBXResourcesBuildPhase section */
		98052DA31BB68BB7004A0D3A /* Resources */ = {
			isa = PBXResourcesBuildPhase;
			buildActionMask = 2147483647;
			files = (
				98052DBB1BB68BB7004A0D3A /* LaunchScreen.storyboard in Resources */,
				98052DB81BB68BB7004A0D3A /* Assets.xcassets in Resources */,
				98052DB61BB68BB7004A0D3A /* Main.storyboard in Resources */,
				98F9F8AF1C06D62600C946AC /* reset.css in Resources */,
			);
			runOnlyForDeploymentPostprocessing = 0;
		};
		98052DBF1BB68BB8004A0D3A /* Resources */ = {
			isa = PBXResourcesBuildPhase;
			buildActionMask = 2147483647;
			files = (
				9844CAFE1C042FBD00413F8D /* CommentTest-input-2.html in Resources */,
				98F7D6281C043E0800E1D752 /* CommentTest-input-4.html in Resources */,
				98F7D62C1C043E2C00E1D752 /* CommentTest-input-5.html in Resources */,
				983401401C04110800A85638 /* CommentTest-input-1.html in Resources */,
				98F7D62A1C043E1500E1D752 /* CommentTest-input-3.html in Resources */,
			);
			runOnlyForDeploymentPostprocessing = 0;
		};
		98052DCA1BB68BB8004A0D3A /* Resources */ = {
			isa = PBXResourcesBuildPhase;
			buildActionMask = 2147483647;
			files = (
			);
			runOnlyForDeploymentPostprocessing = 0;
		};
/* End PBXResourcesBuildPhase section */

/* Begin PBXShellScriptBuildPhase section */
		1D48F5C3C75BC4872099942B /* Copy Pods Resources */ = {
			isa = PBXShellScriptBuildPhase;
			buildActionMask = 2147483647;
			files = (
			);
			inputPaths = (
			);
			name = "Copy Pods Resources";
			outputPaths = (
			);
			runOnlyForDeploymentPostprocessing = 0;
			shellPath = /bin/sh;
			shellScript = "\"${SRCROOT}/Pods/Target Support Files/Pods/Pods-resources.sh\"\n";
			showEnvVarsInLog = 0;
		};
		758A05E5CD23C5E0E1D4EA9D /* Copy Pods Resources */ = {
			isa = PBXShellScriptBuildPhase;
			buildActionMask = 2147483647;
			files = (
			);
			inputPaths = (
			);
			name = "Copy Pods Resources";
			outputPaths = (
			);
			runOnlyForDeploymentPostprocessing = 0;
			shellPath = /bin/sh;
			shellScript = "\"${SRCROOT}/Pods/Target Support Files/Pods/Pods-resources.sh\"\n";
			showEnvVarsInLog = 0;
		};
		B81B95C7F1D5FD98FBB87F41 /* Check Pods Manifest.lock */ = {
			isa = PBXShellScriptBuildPhase;
			buildActionMask = 2147483647;
			files = (
			);
			inputPaths = (
			);
			name = "Check Pods Manifest.lock";
			outputPaths = (
			);
			runOnlyForDeploymentPostprocessing = 0;
			shellPath = /bin/sh;
			shellScript = "diff \"${PODS_ROOT}/../Podfile.lock\" \"${PODS_ROOT}/Manifest.lock\" > /dev/null\nif [[ $? != 0 ]] ; then\n    cat << EOM\nerror: The sandbox is not in sync with the Podfile.lock. Run 'pod install' or update your CocoaPods installation.\nEOM\n    exit 1\nfi\n";
			showEnvVarsInLog = 0;
		};
		C2FC3B47CD36C75229D2E2C3 /* Embed Pods Frameworks */ = {
			isa = PBXShellScriptBuildPhase;
			buildActionMask = 2147483647;
			files = (
			);
			inputPaths = (
			);
			name = "Embed Pods Frameworks";
			outputPaths = (
			);
			runOnlyForDeploymentPostprocessing = 0;
			shellPath = /bin/sh;
			shellScript = "\"${SRCROOT}/Pods/Target Support Files/Pods/Pods-frameworks.sh\"\n";
			showEnvVarsInLog = 0;
		};
		D0311B602F396276361B63CD /* Embed Pods Frameworks */ = {
			isa = PBXShellScriptBuildPhase;
			buildActionMask = 2147483647;
			files = (
			);
			inputPaths = (
			);
			name = "Embed Pods Frameworks";
			outputPaths = (
			);
			runOnlyForDeploymentPostprocessing = 0;
			shellPath = /bin/sh;
			shellScript = "\"${SRCROOT}/Pods/Target Support Files/Pods/Pods-frameworks.sh\"\n";
			showEnvVarsInLog = 0;
		};
		EDD4792B0F0C5CF4BFCBEA5B /* Check Pods Manifest.lock */ = {
			isa = PBXShellScriptBuildPhase;
			buildActionMask = 2147483647;
			files = (
			);
			inputPaths = (
			);
			name = "Check Pods Manifest.lock";
			outputPaths = (
			);
			runOnlyForDeploymentPostprocessing = 0;
			shellPath = /bin/sh;
			shellScript = "diff \"${PODS_ROOT}/../Podfile.lock\" \"${PODS_ROOT}/Manifest.lock\" > /dev/null\nif [[ $? != 0 ]] ; then\n    cat << EOM\nerror: The sandbox is not in sync with the Podfile.lock. Run 'pod install' or update your CocoaPods installation.\nEOM\n    exit 1\nfi\n";
			showEnvVarsInLog = 0;
		};
/* End PBXShellScriptBuildPhase section */

/* Begin PBXSourcesBuildPhase section */
		98052DA11BB68BB7004A0D3A /* Sources */ = {
			isa = PBXSourcesBuildPhase;
			buildActionMask = 2147483647;
			files = (
				98E43D8F1C08094B0041CC6F /* NSString+EscapedURLString.m in Sources */,
				988C10251BF1E53300FA36B9 /* SuProgress.m in Sources */,
				984DCC6C1BFC6FFD00BA5B86 /* StoriesCommentsSearchResultsViewController.m in Sources */,
				98E725BC1BF19A7200607CBC /* ShowHNViewController.m in Sources */,
				980C6DBA1BE7252400D4318C /* CommentCell.m in Sources */,
				98E725B61BF19A6200607CBC /* NewStoriesViewController.m in Sources */,
				98E0C80F1BE73DE4003E3A0A /* CommentLink.m in Sources */,
				984DCC4D1BFB0B1200BA5B86 /* StoriesCommentsBaseViewController.m in Sources */,
				98F5EBDE1BF0957800B1BA08 /* UserHeaderView.m in Sources */,
				984844DA1BB6A83C00C1EB7A /* Comment.m in Sources */,
				98CE4BEA1C06BABB009EAE00 /* TopStoriesTitleView.m in Sources */,
				98E725B31BF19A5800607CBC /* TopStoriesViewController.m in Sources */,
				98F5EBD11BF0757600B1BA08 /* ActionDrawerButton.m in Sources */,
				98F5EBDB1BF086A400B1BA08 /* User.m in Sources */,
				98052DAD1BB68BB7004A0D3A /* AppDelegate.m in Sources */,
				98B0FB841BE4BAEE0059E5F2 /* GTMNSString+HTML.m in Sources */,
				9899FAB41BF1BE490097530C /* SimpleHNSplitViewController.m in Sources */,
				98E725B91BF19A6B00607CBC /* AskHNViewController.m in Sources */,
				98B0FB871BE4BF7B0059E5F2 /* StoryCommentsButton.m in Sources */,
				984DCC461BFAE9E200BA5B86 /* ContentLoadingView.m in Sources */,
				98E725B01BF1804A00607CBC /* StoriesViewController.m in Sources */,
				9865A64F1BE8B03700FE35F3 /* StoryLoadMoreCell.m in Sources */,
				98F5EBD41BF079D700B1BA08 /* ActionDrawerView.m in Sources */,
				98B0FB801BE4BAE40059E5F2 /* NSString+HTML.m in Sources */,
				9849D0AF1C0699E000A23212 /* StoriesTimePeriodSelectViewController.m in Sources */,
				98F5EBE21BF09EF100B1BA08 /* LabelHelper.m in Sources */,
				98052DAA1BB68BB7004A0D3A /* main.m in Sources */,
				983401381C031EE800A85638 /* CommentStyle.m in Sources */,
				983A19D71C07F93A00072B40 /* CommentTextView.m in Sources */,
				984418B51BB696FA00F66A02 /* Story.m in Sources */,
				98F9F8AB1C06C58200C946AC /* HNAlgoliaAPIManager.m in Sources */,
				98F5EBD81BF085D600B1BA08 /* UserViewController.m in Sources */,
				98052DB31BB68BB7004A0D3A /* StoryDetailViewController.m in Sources */,
				9849D0AC1C059FA000A23212 /* AskShowHeaderView.m in Sources */,
				984418B81BB69BCC00F66A02 /* StoryCell.m in Sources */,
			);
			runOnlyForDeploymentPostprocessing = 0;
		};
		98052DBD1BB68BB8004A0D3A /* Sources */ = {
			isa = PBXSourcesBuildPhase;
			buildActionMask = 2147483647;
			files = (
				9834013A1C04105400A85638 /* BaseTest.m in Sources */,
				9844CAFC1C041DCC00413F8D /* User.m in Sources */,
				98F7D6261C04390300E1D752 /* GTMNSString+HTML.m in Sources */,
				98F7D6251C0438D100E1D752 /* NSString+HTML.m in Sources */,
				9844CAFB1C041DBD00413F8D /* CommentLink.m in Sources */,
				9844CAFA1C041D0000413F8D /* CommentStyle.m in Sources */,
				9834013D1C0410AE00A85638 /* CommentTest.m in Sources */,
				983401411C0412DA00A85638 /* Comment.m in Sources */,
				9844CAF91C041CD000413F8D /* LabelHelper.m in Sources */,
			);
			runOnlyForDeploymentPostprocessing = 0;
		};
		98052DC81BB68BB8004A0D3A /* Sources */ = {
			isa = PBXSourcesBuildPhase;
			buildActionMask = 2147483647;
			files = (
				98052DD11BB68BB8004A0D3A /* SimpleHN_objcUITests.m in Sources */,
			);
			runOnlyForDeploymentPostprocessing = 0;
		};
/* End PBXSourcesBuildPhase section */

/* Begin PBXTargetDependency section */
		98052DC31BB68BB8004A0D3A /* PBXTargetDependency */ = {
			isa = PBXTargetDependency;
			target = 98052DA41BB68BB7004A0D3A /* SimpleHN */;
			targetProxy = 98052DC21BB68BB8004A0D3A /* PBXContainerItemProxy */;
		};
		98052DCE1BB68BB8004A0D3A /* PBXTargetDependency */ = {
			isa = PBXTargetDependency;
			target = 98052DA41BB68BB7004A0D3A /* SimpleHN */;
			targetProxy = 98052DCD1BB68BB8004A0D3A /* PBXContainerItemProxy */;
		};
/* End PBXTargetDependency section */

/* Begin PBXVariantGroup section */
		98052DB41BB68BB7004A0D3A /* Main.storyboard */ = {
			isa = PBXVariantGroup;
			children = (
				98052DB51BB68BB7004A0D3A /* Base */,
			);
			name = Main.storyboard;
			sourceTree = "<group>";
		};
		98052DB91BB68BB7004A0D3A /* LaunchScreen.storyboard */ = {
			isa = PBXVariantGroup;
			children = (
				98052DBA1BB68BB7004A0D3A /* Base */,
			);
			name = LaunchScreen.storyboard;
			sourceTree = "<group>";
		};
/* End PBXVariantGroup section */

/* Begin XCBuildConfiguration section */
		98052DD31BB68BB8004A0D3A /* Debug */ = {
			isa = XCBuildConfiguration;
			buildSettings = {
				ALWAYS_SEARCH_USER_PATHS = NO;
				CLANG_CXX_LANGUAGE_STANDARD = "gnu++0x";
				CLANG_CXX_LIBRARY = "libc++";
				CLANG_ENABLE_MODULES = YES;
				CLANG_ENABLE_OBJC_ARC = YES;
				CLANG_WARN_BOOL_CONVERSION = YES;
				CLANG_WARN_CONSTANT_CONVERSION = YES;
				CLANG_WARN_DIRECT_OBJC_ISA_USAGE = YES_ERROR;
				CLANG_WARN_EMPTY_BODY = YES;
				CLANG_WARN_ENUM_CONVERSION = YES;
				CLANG_WARN_INT_CONVERSION = YES;
				CLANG_WARN_OBJC_ROOT_CLASS = YES_ERROR;
				CLANG_WARN_UNREACHABLE_CODE = YES;
				CLANG_WARN__DUPLICATE_METHOD_MATCH = YES;
				"CODE_SIGN_IDENTITY[sdk=iphoneos*]" = "iPhone Developer";
				COPY_PHASE_STRIP = NO;
				DEBUG_INFORMATION_FORMAT = dwarf;
				ENABLE_STRICT_OBJC_MSGSEND = YES;
				ENABLE_TESTABILITY = YES;
				FRAMEWORK_SEARCH_PATHS = "/Applications/Reveal.app/Contents/SharedSupport/iOS-Libraries";
				GCC_C_LANGUAGE_STANDARD = gnu99;
				GCC_DYNAMIC_NO_PIC = NO;
				GCC_NO_COMMON_BLOCKS = YES;
				GCC_OPTIMIZATION_LEVEL = 0;
				GCC_PREPROCESSOR_DEFINITIONS = (
					"DEBUG=1",
					"$(inherited)",
				);
				GCC_WARN_64_TO_32_BIT_CONVERSION = YES;
				GCC_WARN_ABOUT_RETURN_TYPE = YES_ERROR;
				GCC_WARN_UNDECLARED_SELECTOR = YES;
				GCC_WARN_UNINITIALIZED_AUTOS = YES_AGGRESSIVE;
				GCC_WARN_UNUSED_FUNCTION = YES;
				GCC_WARN_UNUSED_VARIABLE = YES;
				IPHONEOS_DEPLOYMENT_TARGET = 9.0;
				MTL_ENABLE_DEBUG_INFO = YES;
				ONLY_ACTIVE_ARCH = YES;
				SDKROOT = iphoneos;
				TARGETED_DEVICE_FAMILY = "1,2";
			};
			name = Debug;
		};
		98052DD41BB68BB8004A0D3A /* Release */ = {
			isa = XCBuildConfiguration;
			buildSettings = {
				ALWAYS_SEARCH_USER_PATHS = NO;
				CLANG_CXX_LANGUAGE_STANDARD = "gnu++0x";
				CLANG_CXX_LIBRARY = "libc++";
				CLANG_ENABLE_MODULES = YES;
				CLANG_ENABLE_OBJC_ARC = YES;
				CLANG_WARN_BOOL_CONVERSION = YES;
				CLANG_WARN_CONSTANT_CONVERSION = YES;
				CLANG_WARN_DIRECT_OBJC_ISA_USAGE = YES_ERROR;
				CLANG_WARN_EMPTY_BODY = YES;
				CLANG_WARN_ENUM_CONVERSION = YES;
				CLANG_WARN_INT_CONVERSION = YES;
				CLANG_WARN_OBJC_ROOT_CLASS = YES_ERROR;
				CLANG_WARN_UNREACHABLE_CODE = YES;
				CLANG_WARN__DUPLICATE_METHOD_MATCH = YES;
				"CODE_SIGN_IDENTITY[sdk=iphoneos*]" = "iPhone Developer";
				COPY_PHASE_STRIP = NO;
				DEBUG_INFORMATION_FORMAT = "dwarf-with-dsym";
				ENABLE_NS_ASSERTIONS = NO;
				ENABLE_STRICT_OBJC_MSGSEND = YES;
				FRAMEWORK_SEARCH_PATHS = "/Applications/Reveal.app/Contents/SharedSupport/iOS-Libraries";
				GCC_C_LANGUAGE_STANDARD = gnu99;
				GCC_NO_COMMON_BLOCKS = YES;
				GCC_WARN_64_TO_32_BIT_CONVERSION = YES;
				GCC_WARN_ABOUT_RETURN_TYPE = YES_ERROR;
				GCC_WARN_UNDECLARED_SELECTOR = YES;
				GCC_WARN_UNINITIALIZED_AUTOS = YES_AGGRESSIVE;
				GCC_WARN_UNUSED_FUNCTION = YES;
				GCC_WARN_UNUSED_VARIABLE = YES;
				IPHONEOS_DEPLOYMENT_TARGET = 9.0;
				MTL_ENABLE_DEBUG_INFO = NO;
				SDKROOT = iphoneos;
				TARGETED_DEVICE_FAMILY = "1,2";
				VALIDATE_PRODUCT = YES;
			};
			name = Release;
		};
		98052DD61BB68BB8004A0D3A /* Debug */ = {
			isa = XCBuildConfiguration;
			baseConfigurationReference = ED7247C849A308AAD42ECFB6 /* Pods.debug.xcconfig */;
			buildSettings = {
				ASSETCATALOG_COMPILER_APPICON_NAME = AppIcon;
				CODE_SIGN_IDENTITY = "iPhone Developer: James Eunson (45J782VD7S)";
				GCC_PREFIX_HEADER = "${PRODUCT_NAME}-objc/${PRODUCT_NAME}.h";
				INFOPLIST_FILE = "SimpleHN-objc/Info.plist";
				LD_RUNPATH_SEARCH_PATHS = "$(inherited) @executable_path/Frameworks";
				PRODUCT_BUNDLE_IDENTIFIER = com.JEON.SimpleHN;
				PRODUCT_NAME = "$(TARGET_NAME)";
				PROVISIONING_PROFILE = "103633ed-b092-4fad-bae8-127e1fd561fa";
			};
			name = Debug;
		};
		98052DD71BB68BB8004A0D3A /* Release */ = {
			isa = XCBuildConfiguration;
			baseConfigurationReference = 4AAB6B5253773133B2A656EB /* Pods.release.xcconfig */;
			buildSettings = {
				ASSETCATALOG_COMPILER_APPICON_NAME = AppIcon;
				CODE_SIGN_IDENTITY = "iPhone Developer: James Eunson (45J782VD7S)";
				GCC_PREFIX_HEADER = "${PRODUCT_NAME}-objc/${PRODUCT_NAME}.h";
				INFOPLIST_FILE = "SimpleHN-objc/Info.plist";
				LD_RUNPATH_SEARCH_PATHS = "$(inherited) @executable_path/Frameworks";
				PRODUCT_BUNDLE_IDENTIFIER = com.JEON.SimpleHN;
				PRODUCT_NAME = "$(TARGET_NAME)";
				PROVISIONING_PROFILE = "103633ed-b092-4fad-bae8-127e1fd561fa";
			};
			name = Release;
		};
		98052DD91BB68BB8004A0D3A /* Debug */ = {
			isa = XCBuildConfiguration;
			baseConfigurationReference = ED7247C849A308AAD42ECFB6 /* Pods.debug.xcconfig */;
			buildSettings = {
				BUNDLE_LOADER = "$(TEST_HOST)";
				INFOPLIST_FILE = "SimpleHN-objcTests/Info.plist";
				LD_RUNPATH_SEARCH_PATHS = "$(inherited) @executable_path/Frameworks @loader_path/Frameworks";
				PRODUCT_BUNDLE_IDENTIFIER = "com.JEON.SimpleHN-objcTests";
				PRODUCT_NAME = "$(TARGET_NAME)";
				TEST_HOST = "$(BUILT_PRODUCTS_DIR)/SimpleHN-objc.app/SimpleHN-objc";
			};
			name = Debug;
		};
		98052DDA1BB68BB8004A0D3A /* Release */ = {
			isa = XCBuildConfiguration;
			baseConfigurationReference = 4AAB6B5253773133B2A656EB /* Pods.release.xcconfig */;
			buildSettings = {
				BUNDLE_LOADER = "$(TEST_HOST)";
				INFOPLIST_FILE = "SimpleHN-objcTests/Info.plist";
				LD_RUNPATH_SEARCH_PATHS = "$(inherited) @executable_path/Frameworks @loader_path/Frameworks";
				PRODUCT_BUNDLE_IDENTIFIER = "com.JEON.SimpleHN-objcTests";
				PRODUCT_NAME = "$(TARGET_NAME)";
				TEST_HOST = "$(BUILT_PRODUCTS_DIR)/SimpleHN-objc.app/SimpleHN-objc";
			};
			name = Release;
		};
		98052DDC1BB68BB8004A0D3A /* Debug */ = {
			isa = XCBuildConfiguration;
			buildSettings = {
				INFOPLIST_FILE = "SimpleHN-objcUITests/Info.plist";
				LD_RUNPATH_SEARCH_PATHS = "$(inherited) @executable_path/Frameworks @loader_path/Frameworks";
				PRODUCT_BUNDLE_IDENTIFIER = "com.JEON.SimpleHN-objcUITests";
				PRODUCT_NAME = "$(TARGET_NAME)";
				TEST_TARGET_NAME = "SimpleHN-objc";
				USES_XCTRUNNER = YES;
			};
			name = Debug;
		};
		98052DDD1BB68BB8004A0D3A /* Release */ = {
			isa = XCBuildConfiguration;
			buildSettings = {
				INFOPLIST_FILE = "SimpleHN-objcUITests/Info.plist";
				LD_RUNPATH_SEARCH_PATHS = "$(inherited) @executable_path/Frameworks @loader_path/Frameworks";
				PRODUCT_BUNDLE_IDENTIFIER = "com.JEON.SimpleHN-objcUITests";
				PRODUCT_NAME = "$(TARGET_NAME)";
				TEST_TARGET_NAME = "SimpleHN-objc";
				USES_XCTRUNNER = YES;
			};
			name = Release;
		};
/* End XCBuildConfiguration section */

/* Begin XCConfigurationList section */
		98052DA01BB68BB7004A0D3A /* Build configuration list for PBXProject "SimpleHN-objc" */ = {
			isa = XCConfigurationList;
			buildConfigurations = (
				98052DD31BB68BB8004A0D3A /* Debug */,
				98052DD41BB68BB8004A0D3A /* Release */,
			);
			defaultConfigurationIsVisible = 0;
			defaultConfigurationName = Release;
		};
		98052DD51BB68BB8004A0D3A /* Build configuration list for PBXNativeTarget "SimpleHN" */ = {
			isa = XCConfigurationList;
			buildConfigurations = (
				98052DD61BB68BB8004A0D3A /* Debug */,
				98052DD71BB68BB8004A0D3A /* Release */,
			);
			defaultConfigurationIsVisible = 0;
			defaultConfigurationName = Release;
		};
		98052DD81BB68BB8004A0D3A /* Build configuration list for PBXNativeTarget "SimpleHN-objcTests" */ = {
			isa = XCConfigurationList;
			buildConfigurations = (
				98052DD91BB68BB8004A0D3A /* Debug */,
				98052DDA1BB68BB8004A0D3A /* Release */,
			);
			defaultConfigurationIsVisible = 0;
			defaultConfigurationName = Release;
		};
		98052DDB1BB68BB8004A0D3A /* Build configuration list for PBXNativeTarget "SimpleHN-objcUITests" */ = {
			isa = XCConfigurationList;
			buildConfigurations = (
				98052DDC1BB68BB8004A0D3A /* Debug */,
				98052DDD1BB68BB8004A0D3A /* Release */,
			);
			defaultConfigurationIsVisible = 0;
			defaultConfigurationName = Release;
		};
/* End XCConfigurationList section */
	};
	rootObject = 98052D9D1BB68BB7004A0D3A /* Project object */;
}
